
Microsoft Visual Studio Solution File, Format Version 12.00
# Visual Studio Version 17
VisualStudioVersion = 17.12.35707.178
MinimumVisualStudioVersion = 10.0.40219.1
Project("{8BC9CEB8-8B4A-11D0-8D11-00A0C91BC942}") = "DeltaClickerCore", "DeltaClicker\DeltaClicker.vcxproj", "{84770661-16BF-4F3F-9B0F-1FF4BB833E40}"
EndProject
Project("{8BC9CEB8-8B4A-11D0-8D11-00A0C91BC942}") = "DeltaClickerCLI", "DeltaClickerCLI\DeltaClickerCLI.vcxproj", "{3252F15C-363D-4B20-8244-2E4C6AD8AF6C}"
EndProject
Project("{8BC9CEB8-8B4A-11D0-8D11-00A0C91BC942}") = "DeltaClickerGUI", "DeltaClickerGUI\DeltaClickerGUI.vcxproj", "{3558FD18-89C1-4B61-97FB-1B723168EAD6}"
EndProject
Global
	GlobalSection(SolutionConfigurationPlatforms) = preSolution
		Debug|Any CPU = Debug|Any CPU
		Debug|x64 = Debug|x64
		Debug|x86 = Debug|x86
		Release|Any CPU = Release|Any CPU
		Release|x64 = Release|x64
		Release|x86 = Release|x86
	EndGlobalSection
	GlobalSection(ProjectConfigurationPlatforms) = postSolution
		{84770661-16BF-4F3F-9B0F-1FF4BB833E40}.Debug|Any CPU.ActiveCfg = Debug|x64
		{84770661-16BF-4F3F-9B0F-1FF4BB833E40}.Debug|Any CPU.Build.0 = Debug|x64
		{84770661-16BF-4F3F-9B0F-1FF4BB833E40}.Debug|x64.ActiveCfg = Debug|x64
		{84770661-16BF-4F3F-9B0F-1FF4BB833E40}.Debug|x86.ActiveCfg = Debug|Win32
		{84770661-16BF-4F3F-9B0F-1FF4BB833E40}.Debug|x86.Build.0 = Debug|Win32
		{84770661-16BF-4F3F-9B0F-1FF4BB833E40}.Release|Any CPU.ActiveCfg = Release|x64
		{84770661-16BF-4F3F-9B0F-1FF4BB833E40}.Release|Any CPU.Build.0 = Release|x64
		{84770661-16BF-4F3F-9B0F-1FF4BB833E40}.Release|x64.ActiveCfg = Release|x64
		{84770661-16BF-4F3F-9B0F-1FF4BB833E40}.Release|x86.ActiveCfg = Release|Win32
		{3252F15C-363D-4B20-8244-2E4C6AD8AF6C}.Debug|Any CPU.ActiveCfg = Debug|x64
		{3252F15C-363D-4B20-8244-2E4C6AD8AF6C}.Debug|Any CPU.Build.0 = Debug|x64
		{3252F15C-363D-4B20-8244-2E4C6AD8AF6C}.Debug|x64.ActiveCfg = Debug|x64
		{3252F15C-363D-4B20-8244-2E4C6AD8AF6C}.Debug|x64.Build.0 = Debug|x64
		{3252F15C-363D-4B20-8244-2E4C6AD8AF6C}.Debug|x86.ActiveCfg = Debug|Win32
		{3252F15C-363D-4B20-8244-2E4C6AD8AF6C}.Debug|x86.Build.0 = Debug|Win32
		{3252F15C-363D-4B20-8244-2E4C6AD8AF6C}.Release|Any CPU.ActiveCfg = Release|x64
		{3252F15C-363D-4B20-8244-2E4C6AD8AF6C}.Release|Any CPU.Build.0 = Release|x64
		{3252F15C-363D-4B20-8244-2E4C6AD8AF6C}.Release|x64.ActiveCfg = Release|x64
		{3252F15C-363D-4B20-8244-2E4C6AD8AF6C}.Release|x64.Build.0 = Release|x64
		{3252F15C-363D-4B20-8244-2E4C6AD8AF6C}.Release|x86.ActiveCfg = Release|Win32
		{3252F15C-363D-4B20-8244-2E4C6AD8AF6C}.Release|x86.Build.0 = Release|Win32
		{3558FD18-89C1-4B61-97FB-1B723168EAD6}.Debug|Any CPU.ActiveCfg = Debug|x64
		{3558FD18-89C1-4B61-97FB-1B723168EAD6}.Debug|Any CPU.Build.0 = Debug|x64
		{3558FD18-89C1-4B61-97FB-1B723168EAD6}.Debug|Any CPU.Deploy.0 = Debug|x64
		{3558FD18-89C1-4B61-97FB-1B723168EAD6}.Debug|x64.ActiveCfg = Debug|x64
		{3558FD18-89C1-4B61-97FB-1B723168EAD6}.Debug|x64.Build.0 = Debug|x64
		{3558FD18-89C1-4B61-97FB-1B723168EAD6}.Debug|x64.Deploy.0 = Debug|x64
		{3558FD18-89C1-4B61-97FB-1B723168EAD6}.Debug|x86.ActiveCfg = Debug|Win32
		{3558FD18-89C1-4B61-97FB-1B723168EAD6}.Debug|x86.Build.0 = Debug|Win32
		{3558FD18-89C1-4B61-97FB-1B723168EAD6}.Debug|x86.Deploy.0 = Debug|Win32
		{3558FD18-89C1-4B61-97FB-1B723168EAD6}.Release|Any CPU.ActiveCfg = Release|x64
		{3558FD18-89C1-4B61-97FB-1B723168EAD6}.Release|Any CPU.Build.0 = Release|x64
		{3558FD18-89C1-4B61-97FB-1B723168EAD6}.Release|Any CPU.Deploy.0 = Release|x64
		{3558FD18-89C1-4B61-97FB-1B723168EAD6}.Release|x64.ActiveCfg = Release|x64
		{3558FD18-89C1-4B61-97FB-1B723168EAD6}.Release|x64.Build.0 = Release|x64
		{3558FD18-89C1-4B61-97FB-1B723168EAD6}.Release|x64.Deploy.0 = Release|x64
		{3558FD18-89C1-4B61-97FB-1B723168EAD6}.Release|x86.ActiveCfg = Release|Win32
		{3558FD18-89C1-4B61-97FB-1B723168EAD6}.Release|x86.Build.0 = Release|Win32
		{3558FD18-89C1-4B61-97FB-1B723168EAD6}.Release|x86.Deploy.0 = Release|Win32
	EndGlobalSection
	GlobalSection(SolutionProperties) = preSolution
		HideSolutionNode = FALSE
	EndGlobalSection
EndGlobal
